
Microsoft Visual Studio Solution File, Format Version 12.00
# Visual Studio Version 16
VisualStudioVersion = 16.0.30804.86
MinimumVisualStudioVersion = 10.0.40219.1
Project("{9A19103F-16F7-4668-BE54-9A1E7A4F7556}") = "CursoMVC", "CursoMVC\CursoMVC.csproj", "{CE58E435-A39B-42B9-8AFD-8E7431635D56}"
EndProject
Project("{9A19103F-16F7-4668-BE54-9A1E7A4F7556}") = "CursoApi", "CursoAPI\CursoApi\CursoApi.csproj", "{69859D9B-7FA3-409E-A397-4C9E1E1529D2}"
EndProject
Project("{FAE04EC0-301F-11D3-BF4B-00C04F79EFBC}") = "CursoTeste", "CursoTeste\CursoTeste.csproj", "{263175B6-6FC8-439A-B399-A14C508C9FDA}"
EndProject
Global
	GlobalSection(SolutionConfigurationPlatforms) = preSolution
		Debug|Any CPU = Debug|Any CPU
		Release|Any CPU = Release|Any CPU
	EndGlobalSection
	GlobalSection(ProjectConfigurationPlatforms) = postSolution
		{CE58E435-A39B-42B9-8AFD-8E7431635D56}.Debug|Any CPU.ActiveCfg = Debug|Any CPU
		{CE58E435-A39B-42B9-8AFD-8E7431635D56}.Debug|Any CPU.Build.0 = Debug|Any CPU
		{CE58E435-A39B-42B9-8AFD-8E7431635D56}.Release|Any CPU.ActiveCfg = Release|Any CPU
		{CE58E435-A39B-42B9-8AFD-8E7431635D56}.Release|Any CPU.Build.0 = Release|Any CPU
		{69859D9B-7FA3-409E-A397-4C9E1E1529D2}.Debug|Any CPU.ActiveCfg = Debug|Any CPU
		{69859D9B-7FA3-409E-A397-4C9E1E1529D2}.Debug|Any CPU.Build.0 = Debug|Any CPU
		{69859D9B-7FA3-409E-A397-4C9E1E1529D2}.Release|Any CPU.ActiveCfg = Release|Any CPU
		{69859D9B-7FA3-409E-A397-4C9E1E1529D2}.Release|Any CPU.Build.0 = Release|Any CPU
		{263175B6-6FC8-439A-B399-A14C508C9FDA}.Debug|Any CPU.ActiveCfg = Debug|Any CPU
		{263175B6-6FC8-439A-B399-A14C508C9FDA}.Debug|Any CPU.Build.0 = Debug|Any CPU
		{263175B6-6FC8-439A-B399-A14C508C9FDA}.Release|Any CPU.ActiveCfg = Release|Any CPU
		{263175B6-6FC8-439A-B399-A14C508C9FDA}.Release|Any CPU.Build.0 = Release|Any CPU
	EndGlobalSection
	GlobalSection(SolutionProperties) = preSolution
		HideSolutionNode = FALSE
	EndGlobalSection
	GlobalSection(ExtensibilityGlobals) = postSolution
		SolutionGuid = {A972E77A-13E5-4CB1-9FFE-8A92CDA763FD}
	EndGlobalSection
EndGlobal
